// !$*UTF8*$!
{
	archiveVersion = 1;
	classes = {
	};
	objectVersion = 56;
	objects = {

/* Begin PBXBuildFile section */
		075E21112968829200899FC1 /* AppDelegate.swift in Sources */ = {isa = PBXBuildFile; fileRef = 075E21102968829200899FC1 /* AppDelegate.swift */; };
		075E21132968829200899FC1 /* SceneDelegate.swift in Sources */ = {isa = PBXBuildFile; fileRef = 075E21122968829200899FC1 /* SceneDelegate.swift */; };
		075E21152968829200899FC1 /* TripListViewController.swift in Sources */ = {isa = PBXBuildFile; fileRef = 075E21142968829200899FC1 /* TripListViewController.swift */; };
		075E21182968829200899FC1 /* Main.storyboard in Resources */ = {isa = PBXBuildFile; fileRef = 075E21162968829200899FC1 /* Main.storyboard */; };
		075E211A2968829400899FC1 /* Assets.xcassets in Resources */ = {isa = PBXBuildFile; fileRef = 075E21192968829400899FC1 /* Assets.xcassets */; };
		075E2125296886E000899FC1 /* Trip.swift in Sources */ = {isa = PBXBuildFile; fileRef = 075E2124296886E000899FC1 /* Trip.swift */; };
		075E212B296A1F3C00899FC1 /* TripDetailViewController.swift in Sources */ = {isa = PBXBuildFile; fileRef = 075E212A296A1F3C00899FC1 /* TripDetailViewController.swift */; };
		07E828F3296DFDDD0092BF3C /* TripViewCell.swift in Sources */ = {isa = PBXBuildFile; fileRef = 07E828F2296DFDDD0092BF3C /* TripViewCell.swift */; };
		BE1104782B02B57800E11193 /* CSVUtility.swift in Sources */ = {isa = PBXBuildFile; fileRef = BE1104772B02B57800E11193 /* CSVUtility.swift */; };
		BE1729912A828CAA00D6DBD7 /* CloudKitManager.swift in Sources */ = {isa = PBXBuildFile; fileRef = BE1729902A828CAA00D6DBD7 /* CloudKitManager.swift */; };
		BE5A2E652AA75B2F0064CDDC /* TripDataService.swift in Sources */ = {isa = PBXBuildFile; fileRef = BE5A2E642AA75B2F0064CDDC /* TripDataService.swift */; };
		BE5A2E692AAA47BA0064CDDC /* Constants.swift in Sources */ = {isa = PBXBuildFile; fileRef = BE5A2E682AAA47BA0064CDDC /* Constants.swift */; };
		BE5A2E6E2AAEA1990064CDDC /* Date+Ext.swift in Sources */ = {isa = PBXBuildFile; fileRef = BE5A2E6D2AAEA1990064CDDC /* Date+Ext.swift */; };
		BE66D7F72AE3011B00986235 /* ConnectivityManager.swift in Sources */ = {isa = PBXBuildFile; fileRef = BE66D7F62AE3011B00986235 /* ConnectivityManager.swift */; };
		BE90DA242AB347AC005D3450 /* CountrySearchViewController.swift in Sources */ = {isa = PBXBuildFile; fileRef = BE90DA232AB347AC005D3450 /* CountrySearchViewController.swift */; };
		BE90DA262AB3490D005D3450 /* CountriesUtility.swift in Sources */ = {isa = PBXBuildFile; fileRef = BE90DA252AB3490D005D3450 /* CountriesUtility.swift */; };
		BE90DA282AB4A11A005D3450 /* String+Ext.swift in Sources */ = {isa = PBXBuildFile; fileRef = BE90DA272AB4A11A005D3450 /* String+Ext.swift */; };
		BE9ED8D02AF8441700734B0E /* PersistenceAlertFactory.swift in Sources */ = {isa = PBXBuildFile; fileRef = BE9ED8CF2AF8441700734B0E /* PersistenceAlertFactory.swift */; };
		BEAA579D2AD44194004F19D0 /* FileManager+Ext.swift in Sources */ = {isa = PBXBuildFile; fileRef = BEAA579C2AD44194004F19D0 /* FileManager+Ext.swift */; };
		BEBE93BE2B07B76C00FA5396 /* Logger+Ext.swift in Sources */ = {isa = PBXBuildFile; fileRef = BEBE93BD2B07B76C00FA5396 /* Logger+Ext.swift */; };
		BEBE93C02B07C1A600FA5396 /* CKAccountStatus+CustomStringConvertible.swift in Sources */ = {isa = PBXBuildFile; fileRef = BEBE93BF2B07C1A600FA5396 /* CKAccountStatus+CustomStringConvertible.swift */; };
		BEBE93C32B07C51E00FA5396 /* PersistenceStatus+CustomStringConvertible.swift in Sources */ = {isa = PBXBuildFile; fileRef = BEBE93C22B07C51E00FA5396 /* PersistenceStatus+CustomStringConvertible.swift */; };
		BEC1032C2AFD6B9100536A80 /* ErrorAlertFactory.swift in Sources */ = {isa = PBXBuildFile; fileRef = BEC1032B2AFD6B9100536A80 /* ErrorAlertFactory.swift */; };
/* End PBXBuildFile section */

/* Begin PBXCopyFilesBuildPhase section */
		BE17298B2A82854200D6DBD7 /* Embed Watch Content */ = {
			isa = PBXCopyFilesBuildPhase;
			buildActionMask = 2147483647;
			dstPath = "$(CONTENTS_FOLDER_PATH)/Watch";
			dstSubfolderSpec = 16;
			files = (
			);
			name = "Embed Watch Content";
			runOnlyForDeploymentPostprocessing = 0;
		};
/* End PBXCopyFilesBuildPhase section */

/* Begin PBXFileReference section */
		0704D3622985C9FA00C5D07A /* TravelJournal.entitlements */ = {isa = PBXFileReference; lastKnownFileType = text.plist.entitlements; path = TravelJournal.entitlements; sourceTree = "<group>"; };
		075E210D2968829200899FC1 /* TravelJournal.app */ = {isa = PBXFileReference; explicitFileType = wrapper.application; includeInIndex = 0; path = TravelJournal.app; sourceTree = BUILT_PRODUCTS_DIR; };
		075E21102968829200899FC1 /* AppDelegate.swift */ = {isa = PBXFileReference; lastKnownFileType = sourcecode.swift; path = AppDelegate.swift; sourceTree = "<group>"; };
		075E21122968829200899FC1 /* SceneDelegate.swift */ = {isa = PBXFileReference; lastKnownFileType = sourcecode.swift; path = SceneDelegate.swift; sourceTree = "<group>"; };
		075E21142968829200899FC1 /* TripListViewController.swift */ = {isa = PBXFileReference; lastKnownFileType = sourcecode.swift; path = TripListViewController.swift; sourceTree = "<group>"; };
		075E21172968829200899FC1 /* Base */ = {isa = PBXFileReference; lastKnownFileType = file.storyboard; name = Base; path = Base.lproj/Main.storyboard; sourceTree = "<group>"; };
		075E21192968829400899FC1 /* Assets.xcassets */ = {isa = PBXFileReference; lastKnownFileType = folder.assetcatalog; path = Assets.xcassets; sourceTree = "<group>"; };
		075E211E2968829400899FC1 /* Info.plist */ = {isa = PBXFileReference; lastKnownFileType = text.plist.xml; path = Info.plist; sourceTree = "<group>"; };
		075E2124296886E000899FC1 /* Trip.swift */ = {isa = PBXFileReference; lastKnownFileType = sourcecode.swift; path = Trip.swift; sourceTree = "<group>"; };
		075E212A296A1F3C00899FC1 /* TripDetailViewController.swift */ = {isa = PBXFileReference; lastKnownFileType = sourcecode.swift; path = TripDetailViewController.swift; sourceTree = "<group>"; };
		07E828F2296DFDDD0092BF3C /* TripViewCell.swift */ = {isa = PBXFileReference; lastKnownFileType = sourcecode.swift; path = TripViewCell.swift; sourceTree = "<group>"; };
		BE1104772B02B57800E11193 /* CSVUtility.swift */ = {isa = PBXFileReference; lastKnownFileType = sourcecode.swift; path = CSVUtility.swift; sourceTree = "<group>"; };
		BE1729902A828CAA00D6DBD7 /* CloudKitManager.swift */ = {isa = PBXFileReference; lastKnownFileType = sourcecode.swift; path = CloudKitManager.swift; sourceTree = "<group>"; };
		BE187B142AD4B05600EAE845 /* PrivacyInfo.xcprivacy */ = {isa = PBXFileReference; lastKnownFileType = text.xml; path = PrivacyInfo.xcprivacy; sourceTree = "<group>"; };
		BE5A2E642AA75B2F0064CDDC /* TripDataService.swift */ = {isa = PBXFileReference; lastKnownFileType = sourcecode.swift; path = TripDataService.swift; sourceTree = "<group>"; };
		BE5A2E682AAA47BA0064CDDC /* Constants.swift */ = {isa = PBXFileReference; lastKnownFileType = sourcecode.swift; path = Constants.swift; sourceTree = "<group>"; };
		BE5A2E6D2AAEA1990064CDDC /* Date+Ext.swift */ = {isa = PBXFileReference; lastKnownFileType = sourcecode.swift; path = "Date+Ext.swift"; sourceTree = "<group>"; };
		BE66D7F62AE3011B00986235 /* ConnectivityManager.swift */ = {isa = PBXFileReference; lastKnownFileType = sourcecode.swift; path = ConnectivityManager.swift; sourceTree = "<group>"; };
		BE90DA232AB347AC005D3450 /* CountrySearchViewController.swift */ = {isa = PBXFileReference; lastKnownFileType = sourcecode.swift; path = CountrySearchViewController.swift; sourceTree = "<group>"; };
		BE90DA252AB3490D005D3450 /* CountriesUtility.swift */ = {isa = PBXFileReference; lastKnownFileType = sourcecode.swift; path = CountriesUtility.swift; sourceTree = "<group>"; };
		BE90DA272AB4A11A005D3450 /* String+Ext.swift */ = {isa = PBXFileReference; lastKnownFileType = sourcecode.swift; path = "String+Ext.swift"; sourceTree = "<group>"; };
		BE9ED8CF2AF8441700734B0E /* PersistenceAlertFactory.swift */ = {isa = PBXFileReference; lastKnownFileType = sourcecode.swift; path = PersistenceAlertFactory.swift; sourceTree = "<group>"; };
		BEAA579C2AD44194004F19D0 /* FileManager+Ext.swift */ = {isa = PBXFileReference; lastKnownFileType = sourcecode.swift; path = "FileManager+Ext.swift"; sourceTree = "<group>"; };
		BEBE93BD2B07B76C00FA5396 /* Logger+Ext.swift */ = {isa = PBXFileReference; lastKnownFileType = sourcecode.swift; path = "Logger+Ext.swift"; sourceTree = "<group>"; };
		BEBE93BF2B07C1A600FA5396 /* CKAccountStatus+CustomStringConvertible.swift */ = {isa = PBXFileReference; lastKnownFileType = sourcecode.swift; path = "CKAccountStatus+CustomStringConvertible.swift"; sourceTree = "<group>"; };
		BEBE93C22B07C51E00FA5396 /* PersistenceStatus+CustomStringConvertible.swift */ = {isa = PBXFileReference; lastKnownFileType = sourcecode.swift; path = "PersistenceStatus+CustomStringConvertible.swift"; sourceTree = "<group>"; };
		BEC1032B2AFD6B9100536A80 /* ErrorAlertFactory.swift */ = {isa = PBXFileReference; lastKnownFileType = sourcecode.swift; path = ErrorAlertFactory.swift; sourceTree = "<group>"; };
/* End PBXFileReference section */

/* Begin PBXFrameworksBuildPhase section */
		075E210A2968829200899FC1 /* Frameworks */ = {
			isa = PBXFrameworksBuildPhase;
			buildActionMask = 2147483647;
			files = (
			);
			runOnlyForDeploymentPostprocessing = 0;
		};
/* End PBXFrameworksBuildPhase section */

/* Begin PBXGroup section */
		075E21042968829200899FC1 = {
			isa = PBXGroup;
			children = (
				075E210F2968829200899FC1 /* TravelJournal */,
				075E210E2968829200899FC1 /* Products */,
			);
			sourceTree = "<group>";
		};
		075E210E2968829200899FC1 /* Products */ = {
			isa = PBXGroup;
			children = (
				075E210D2968829200899FC1 /* TravelJournal.app */,
			);
			name = Products;
			sourceTree = "<group>";
		};
		075E210F2968829200899FC1 /* TravelJournal */ = {
			isa = PBXGroup;
			children = (
				BE5A2E632AA75B050064CDDC /* Models */,
				BE17298F2A828C9D00D6DBD7 /* Utilities */,
				BE5A2E662AA780010064CDDC /* View Controllers */,
				BE5A2E6A2AABBE810064CDDC /* Storyboards */,
				075E21102968829200899FC1 /* AppDelegate.swift */,
				075E21122968829200899FC1 /* SceneDelegate.swift */,
				0704D3622985C9FA00C5D07A /* TravelJournal.entitlements */,
				075E21192968829400899FC1 /* Assets.xcassets */,
				075E211E2968829400899FC1 /* Info.plist */,
				BE187B142AD4B05600EAE845 /* PrivacyInfo.xcprivacy */,
			);
			path = TravelJournal;
			sourceTree = "<group>";
		};
		BE17298F2A828C9D00D6DBD7 /* Utilities */ = {
			isa = PBXGroup;
			children = (
				BEC1032D2B029F7A00536A80 /* Services */,
				BE5A2E6F2AAEA5F80064CDDC /* Managers */,
				BE5A2E6C2AAEA1850064CDDC /* Extensions */,
				BE9ED8CE2AF843AE00734B0E /* Alerts */,
				BE90DA252AB3490D005D3450 /* CountriesUtility.swift */,
				BE1104772B02B57800E11193 /* CSVUtility.swift */,
				BE5A2E682AAA47BA0064CDDC /* Constants.swift */,
			);
			path = Utilities;
			sourceTree = "<group>";
		};
		BE5A2E632AA75B050064CDDC /* Models */ = {
			isa = PBXGroup;
			children = (
				075E2124296886E000899FC1 /* Trip.swift */,
			);
			path = Models;
			sourceTree = "<group>";
		};
		BE5A2E662AA780010064CDDC /* View Controllers */ = {
			isa = PBXGroup;
			children = (
				075E21142968829200899FC1 /* TripListViewController.swift */,
				075E212A296A1F3C00899FC1 /* TripDetailViewController.swift */,
				BE90DA232AB347AC005D3450 /* CountrySearchViewController.swift */,
			);
			path = "View Controllers";
			sourceTree = "<group>";
		};
		BE5A2E6A2AABBE810064CDDC /* Storyboards */ = {
			isa = PBXGroup;
			children = (
				BE5A2E6B2AABBE990064CDDC /* Views */,
				075E21162968829200899FC1 /* Main.storyboard */,
			);
			path = Storyboards;
			sourceTree = "<group>";
		};
		BE5A2E6B2AABBE990064CDDC /* Views */ = {
			isa = PBXGroup;
			children = (
				07E828F2296DFDDD0092BF3C /* TripViewCell.swift */,
			);
			path = Views;
			sourceTree = "<group>";
		};
		BE5A2E6C2AAEA1850064CDDC /* Extensions */ = {
			isa = PBXGroup;
			children = (
				BEBE93C12B07C20000FA5396 /* CustomStringConvertible */,
				BE5A2E6D2AAEA1990064CDDC /* Date+Ext.swift */,
				BE90DA272AB4A11A005D3450 /* String+Ext.swift */,
				BEBE93BD2B07B76C00FA5396 /* Logger+Ext.swift */,
				BEAA579C2AD44194004F19D0 /* FileManager+Ext.swift */,
			);
			path = Extensions;
			sourceTree = "<group>";
		};
		BE5A2E6F2AAEA5F80064CDDC /* Managers */ = {
			isa = PBXGroup;
			children = (
				BE1729902A828CAA00D6DBD7 /* CloudKitManager.swift */,
				BE66D7F62AE3011B00986235 /* ConnectivityManager.swift */,
			);
			path = Managers;
			sourceTree = "<group>";
		};
		BE9ED8CE2AF843AE00734B0E /* Alerts */ = {
			isa = PBXGroup;
			children = (
				BEC1032B2AFD6B9100536A80 /* ErrorAlertFactory.swift */,
				BE9ED8CF2AF8441700734B0E /* PersistenceAlertFactory.swift */,
			);
			path = Alerts;
			sourceTree = "<group>";
		};
		BEBE93C12B07C20000FA5396 /* CustomStringConvertible */ = {
			isa = PBXGroup;
			children = (
				BEBE93BF2B07C1A600FA5396 /* CKAccountStatus+CustomStringConvertible.swift */,
				BEBE93C22B07C51E00FA5396 /* PersistenceStatus+CustomStringConvertible.swift */,
			);
			path = CustomStringConvertible;
			sourceTree = "<group>";
		};
		BEC1032D2B029F7A00536A80 /* Services */ = {
			isa = PBXGroup;
			children = (
				BE5A2E642AA75B2F0064CDDC /* TripDataService.swift */,
			);
			path = Services;
			sourceTree = "<group>";
		};
/* End PBXGroup section */

/* Begin PBXNativeTarget section */
		075E210C2968829200899FC1 /* TravelJournal */ = {
			isa = PBXNativeTarget;
			buildConfigurationList = 075E21212968829400899FC1 /* Build configuration list for PBXNativeTarget "TravelJournal" */;
			buildPhases = (
				075E21092968829200899FC1 /* Sources */,
				075E210A2968829200899FC1 /* Frameworks */,
				075E210B2968829200899FC1 /* Resources */,
				BE17298B2A82854200D6DBD7 /* Embed Watch Content */,
			);
			buildRules = (
			);
			dependencies = (
			);
			name = TravelJournal;
			productName = TravelJournal;
			productReference = 075E210D2968829200899FC1 /* TravelJournal.app */;
			productType = "com.apple.product-type.application";
		};
/* End PBXNativeTarget section */

/* Begin PBXProject section */
		075E21052968829200899FC1 /* Project object */ = {
			isa = PBXProject;
			attributes = {
				BuildIndependentTargetsInParallel = 1;
				LastSwiftUpdateCheck = 1500;
				LastUpgradeCheck = 1420;
				TargetAttributes = {
					075E210C2968829200899FC1 = {
						CreatedOnToolsVersion = 14.2;
					};
				};
			};
			buildConfigurationList = 075E21082968829200899FC1 /* Build configuration list for PBXProject "TravelJournal" */;
			compatibilityVersion = "Xcode 14.0";
			developmentRegion = en;
			hasScannedForEncodings = 0;
			knownRegions = (
				en,
				Base,
			);
			mainGroup = 075E21042968829200899FC1;
			productRefGroup = 075E210E2968829200899FC1 /* Products */;
			projectDirPath = "";
			projectRoot = "";
			targets = (
				075E210C2968829200899FC1 /* TravelJournal */,
			);
		};
/* End PBXProject section */

/* Begin PBXResourcesBuildPhase section */
		075E210B2968829200899FC1 /* Resources */ = {
			isa = PBXResourcesBuildPhase;
			buildActionMask = 2147483647;
			files = (
				075E211A2968829400899FC1 /* Assets.xcassets in Resources */,
				075E21182968829200899FC1 /* Main.storyboard in Resources */,
			);
			runOnlyForDeploymentPostprocessing = 0;
		};
/* End PBXResourcesBuildPhase section */

/* Begin PBXSourcesBuildPhase section */
		075E21092968829200899FC1 /* Sources */ = {
			isa = PBXSourcesBuildPhase;
			buildActionMask = 2147483647;
			files = (
				075E2125296886E000899FC1 /* Trip.swift in Sources */,
				075E21152968829200899FC1 /* TripListViewController.swift in Sources */,
				075E21112968829200899FC1 /* AppDelegate.swift in Sources */,
				BE66D7F72AE3011B00986235 /* ConnectivityManager.swift in Sources */,
				BE90DA282AB4A11A005D3450 /* String+Ext.swift in Sources */,
				075E21132968829200899FC1 /* SceneDelegate.swift in Sources */,
				BE1729912A828CAA00D6DBD7 /* CloudKitManager.swift in Sources */,
				BE5A2E652AA75B2F0064CDDC /* TripDataService.swift in Sources */,
				BEAA579D2AD44194004F19D0 /* FileManager+Ext.swift in Sources */,
				BEBE93C02B07C1A600FA5396 /* CKAccountStatus+CustomStringConvertible.swift in Sources */,
				075E212B296A1F3C00899FC1 /* TripDetailViewController.swift in Sources */,
				BE90DA242AB347AC005D3450 /* CountrySearchViewController.swift in Sources */,
				BEBE93BE2B07B76C00FA5396 /* Logger+Ext.swift in Sources */,
				BEC1032C2AFD6B9100536A80 /* ErrorAlertFactory.swift in Sources */,
				07E828F3296DFDDD0092BF3C /* TripViewCell.swift in Sources */,
				BE5A2E692AAA47BA0064CDDC /* Constants.swift in Sources */,
				BEBE93C32B07C51E00FA5396 /* PersistenceStatus+CustomStringConvertible.swift in Sources */,
				BE90DA262AB3490D005D3450 /* CountriesUtility.swift in Sources */,
				BE5A2E6E2AAEA1990064CDDC /* Date+Ext.swift in Sources */,
				BE9ED8D02AF8441700734B0E /* PersistenceAlertFactory.swift in Sources */,
				BE1104782B02B57800E11193 /* CSVUtility.swift in Sources */,
			);
			runOnlyForDeploymentPostprocessing = 0;
		};
/* End PBXSourcesBuildPhase section */

/* Begin PBXVariantGroup section */
		075E21162968829200899FC1 /* Main.storyboard */ = {
			isa = PBXVariantGroup;
			children = (
				075E21172968829200899FC1 /* Base */,
			);
			name = Main.storyboard;
			sourceTree = "<group>";
		};
/* End PBXVariantGroup section */

/* Begin XCBuildConfiguration section */
		075E211F2968829400899FC1 /* Debug */ = {
			isa = XCBuildConfiguration;
			buildSettings = {
				ALWAYS_SEARCH_USER_PATHS = NO;
				CLANG_ANALYZER_NONNULL = YES;
				CLANG_ANALYZER_NUMBER_OBJECT_CONVERSION = YES_AGGRESSIVE;
				CLANG_CXX_LANGUAGE_STANDARD = "gnu++20";
				CLANG_ENABLE_MODULES = YES;
				CLANG_ENABLE_OBJC_ARC = YES;
				CLANG_ENABLE_OBJC_WEAK = YES;
				CLANG_WARN_BLOCK_CAPTURE_AUTORELEASING = YES;
				CLANG_WARN_BOOL_CONVERSION = YES;
				CLANG_WARN_COMMA = YES;
				CLANG_WARN_CONSTANT_CONVERSION = YES;
				CLANG_WARN_DEPRECATED_OBJC_IMPLEMENTATIONS = YES;
				CLANG_WARN_DIRECT_OBJC_ISA_USAGE = YES_ERROR;
				CLANG_WARN_DOCUMENTATION_COMMENTS = YES;
				CLANG_WARN_EMPTY_BODY = YES;
				CLANG_WARN_ENUM_CONVERSION = YES;
				CLANG_WARN_INFINITE_RECURSION = YES;
				CLANG_WARN_INT_CONVERSION = YES;
				CLANG_WARN_NON_LITERAL_NULL_CONVERSION = YES;
				CLANG_WARN_OBJC_IMPLICIT_RETAIN_SELF = YES;
				CLANG_WARN_OBJC_LITERAL_CONVERSION = YES;
				CLANG_WARN_OBJC_ROOT_CLASS = YES_ERROR;
				CLANG_WARN_QUOTED_INCLUDE_IN_FRAMEWORK_HEADER = YES;
				CLANG_WARN_RANGE_LOOP_ANALYSIS = YES;
				CLANG_WARN_STRICT_PROTOTYPES = YES;
				CLANG_WARN_SUSPICIOUS_MOVE = YES;
				CLANG_WARN_UNGUARDED_AVAILABILITY = YES_AGGRESSIVE;
				CLANG_WARN_UNREACHABLE_CODE = YES;
				CLANG_WARN__DUPLICATE_METHOD_MATCH = YES;
				COPY_PHASE_STRIP = NO;
				DEBUG_INFORMATION_FORMAT = dwarf;
				ENABLE_STRICT_OBJC_MSGSEND = YES;
				ENABLE_TESTABILITY = YES;
				GCC_C_LANGUAGE_STANDARD = gnu11;
				GCC_DYNAMIC_NO_PIC = NO;
				GCC_NO_COMMON_BLOCKS = YES;
				GCC_OPTIMIZATION_LEVEL = 0;
				GCC_PREPROCESSOR_DEFINITIONS = (
					"DEBUG=1",
					"$(inherited)",
				);
				GCC_WARN_64_TO_32_BIT_CONVERSION = YES;
				GCC_WARN_ABOUT_RETURN_TYPE = YES_ERROR;
				GCC_WARN_UNDECLARED_SELECTOR = YES;
				GCC_WARN_UNINITIALIZED_AUTOS = YES_AGGRESSIVE;
				GCC_WARN_UNUSED_FUNCTION = YES;
				GCC_WARN_UNUSED_VARIABLE = YES;
				IPHONEOS_DEPLOYMENT_TARGET = 16.2;
				MTL_ENABLE_DEBUG_INFO = INCLUDE_SOURCE;
				MTL_FAST_MATH = YES;
				ONLY_ACTIVE_ARCH = YES;
				SDKROOT = iphoneos;
				SWIFT_ACTIVE_COMPILATION_CONDITIONS = DEBUG;
				SWIFT_OPTIMIZATION_LEVEL = "-Onone";
			};
			name = Debug;
		};
		075E21202968829400899FC1 /* Release */ = {
			isa = XCBuildConfiguration;
			buildSettings = {
				ALWAYS_SEARCH_USER_PATHS = NO;
				CLANG_ANALYZER_NONNULL = YES;
				CLANG_ANALYZER_NUMBER_OBJECT_CONVERSION = YES_AGGRESSIVE;
				CLANG_CXX_LANGUAGE_STANDARD = "gnu++20";
				CLANG_ENABLE_MODULES = YES;
				CLANG_ENABLE_OBJC_ARC = YES;
				CLANG_ENABLE_OBJC_WEAK = YES;
				CLANG_WARN_BLOCK_CAPTURE_AUTORELEASING = YES;
				CLANG_WARN_BOOL_CONVERSION = YES;
				CLANG_WARN_COMMA = YES;
				CLANG_WARN_CONSTANT_CONVERSION = YES;
				CLANG_WARN_DEPRECATED_OBJC_IMPLEMENTATIONS = YES;
				CLANG_WARN_DIRECT_OBJC_ISA_USAGE = YES_ERROR;
				CLANG_WARN_DOCUMENTATION_COMMENTS = YES;
				CLANG_WARN_EMPTY_BODY = YES;
				CLANG_WARN_ENUM_CONVERSION = YES;
				CLANG_WARN_INFINITE_RECURSION = YES;
				CLANG_WARN_INT_CONVERSION = YES;
				CLANG_WARN_NON_LITERAL_NULL_CONVERSION = YES;
				CLANG_WARN_OBJC_IMPLICIT_RETAIN_SELF = YES;
				CLANG_WARN_OBJC_LITERAL_CONVERSION = YES;
				CLANG_WARN_OBJC_ROOT_CLASS = YES_ERROR;
				CLANG_WARN_QUOTED_INCLUDE_IN_FRAMEWORK_HEADER = YES;
				CLANG_WARN_RANGE_LOOP_ANALYSIS = YES;
				CLANG_WARN_STRICT_PROTOTYPES = YES;
				CLANG_WARN_SUSPICIOUS_MOVE = YES;
				CLANG_WARN_UNGUARDED_AVAILABILITY = YES_AGGRESSIVE;
				CLANG_WARN_UNREACHABLE_CODE = YES;
				CLANG_WARN__DUPLICATE_METHOD_MATCH = YES;
				COPY_PHASE_STRIP = NO;
				DEBUG_INFORMATION_FORMAT = "dwarf-with-dsym";
				ENABLE_NS_ASSERTIONS = NO;
				ENABLE_STRICT_OBJC_MSGSEND = YES;
				GCC_C_LANGUAGE_STANDARD = gnu11;
				GCC_NO_COMMON_BLOCKS = YES;
				GCC_WARN_64_TO_32_BIT_CONVERSION = YES;
				GCC_WARN_ABOUT_RETURN_TYPE = YES_ERROR;
				GCC_WARN_UNDECLARED_SELECTOR = YES;
				GCC_WARN_UNINITIALIZED_AUTOS = YES_AGGRESSIVE;
				GCC_WARN_UNUSED_FUNCTION = YES;
				GCC_WARN_UNUSED_VARIABLE = YES;
				IPHONEOS_DEPLOYMENT_TARGET = 16.2;
				MTL_ENABLE_DEBUG_INFO = NO;
				MTL_FAST_MATH = YES;
				SDKROOT = iphoneos;
				SWIFT_COMPILATION_MODE = wholemodule;
				SWIFT_OPTIMIZATION_LEVEL = "-O";
				VALIDATE_PRODUCT = YES;
			};
			name = Release;
		};
		075E21222968829400899FC1 /* Debug */ = {
			isa = XCBuildConfiguration;
			buildSettings = {
				ALWAYS_EMBED_SWIFT_STANDARD_LIBRARIES = YES;
				ASSETCATALOG_COMPILER_APPICON_NAME = AppIcon;
				ASSETCATALOG_COMPILER_GLOBAL_ACCENT_COLOR_NAME = AccentColor;
				CODE_SIGN_ENTITLEMENTS = TravelJournal/TravelJournal.entitlements;
				CODE_SIGN_STYLE = Automatic;
				CURRENT_PROJECT_VERSION = 4;
				DEVELOPMENT_TEAM = 64H6U72Q6B;
				GENERATE_INFOPLIST_FILE = YES;
				INFOPLIST_FILE = TravelJournal/Info.plist;
				INFOPLIST_KEY_CFBundleDisplayName = "Travel Journal";
				INFOPLIST_KEY_LSApplicationCategoryType = "public.app-category.travel";
				INFOPLIST_KEY_UIApplicationSupportsIndirectInputEvents = YES;
				INFOPLIST_KEY_UILaunchStoryboardName = Main.storyboard;
				INFOPLIST_KEY_UIMainStoryboardFile = Main;
				INFOPLIST_KEY_UIRequiresFullScreen = YES;
				INFOPLIST_KEY_UISupportedInterfaceOrientations = UIInterfaceOrientationPortrait;
				IPHONEOS_DEPLOYMENT_TARGET = 15.0;
				LD_RUNPATH_SEARCH_PATHS = (
					"$(inherited)",
					"@executable_path/Frameworks",
				);
				MARKETING_VERSION = 1.0;
				PRODUCT_BUNDLE_IDENTIFIER = com.willpaceley.TravelJournal;
				PRODUCT_NAME = "$(TARGET_NAME)";
				SUPPORTED_PLATFORMS = "iphoneos iphonesimulator";
				SUPPORTS_MACCATALYST = NO;
				SUPPORTS_MAC_DESIGNED_FOR_IPHONE_IPAD = NO;
				SWIFT_EMIT_LOC_STRINGS = YES;
				SWIFT_VERSION = 5.0;
				TARGETED_DEVICE_FAMILY = "1,2";
			};
			name = Debug;
		};
		075E21232968829400899FC1 /* Release */ = {
			isa = XCBuildConfiguration;
			buildSettings = {
				ALWAYS_EMBED_SWIFT_STANDARD_LIBRARIES = YES;
				ASSETCATALOG_COMPILER_APPICON_NAME = AppIcon;
				ASSETCATALOG_COMPILER_GLOBAL_ACCENT_COLOR_NAME = AccentColor;
				CODE_SIGN_ENTITLEMENTS = TravelJournal/TravelJournal.entitlements;
				CODE_SIGN_STYLE = Automatic;
				CURRENT_PROJECT_VERSION = 4;
				DEVELOPMENT_TEAM = 64H6U72Q6B;
				GENERATE_INFOPLIST_FILE = YES;
				INFOPLIST_FILE = TravelJournal/Info.plist;
				INFOPLIST_KEY_CFBundleDisplayName = "Travel Journal";
				INFOPLIST_KEY_LSApplicationCategoryType = "public.app-category.travel";
				INFOPLIST_KEY_UIApplicationSupportsIndirectInputEvents = YES;
				INFOPLIST_KEY_UILaunchStoryboardName = Main.storyboard;
				INFOPLIST_KEY_UIMainStoryboardFile = Main;
				INFOPLIST_KEY_UIRequiresFullScreen = YES;
				INFOPLIST_KEY_UISupportedInterfaceOrientations = UIInterfaceOrientationPortrait;
				IPHONEOS_DEPLOYMENT_TARGET = 15.0;
				LD_RUNPATH_SEARCH_PATHS = (
					"$(inherited)",
					"@executable_path/Frameworks",
				);
				MARKETING_VERSION = 1.0;
				PRODUCT_BUNDLE_IDENTIFIER = com.willpaceley.TravelJournal;
				PRODUCT_NAME = "$(TARGET_NAME)";
				SUPPORTED_PLATFORMS = "iphoneos iphonesimulator";
				SUPPORTS_MACCATALYST = NO;
				SUPPORTS_MAC_DESIGNED_FOR_IPHONE_IPAD = NO;
				SWIFT_EMIT_LOC_STRINGS = YES;
				SWIFT_VERSION = 5.0;
				TARGETED_DEVICE_FAMILY = "1,2";
			};
			name = Release;
		};
/* End XCBuildConfiguration section */

/* Begin XCConfigurationList section */
		075E21082968829200899FC1 /* Build configuration list for PBXProject "TravelJournal" */ = {
			isa = XCConfigurationList;
			buildConfigurations = (
				075E211F2968829400899FC1 /* Debug */,
				075E21202968829400899FC1 /* Release */,
			);
			defaultConfigurationIsVisible = 0;
			defaultConfigurationName = Release;
		};
		075E21212968829400899FC1 /* Build configuration list for PBXNativeTarget "TravelJournal" */ = {
			isa = XCConfigurationList;
			buildConfigurations = (
				075E21222968829400899FC1 /* Debug */,
				075E21232968829400899FC1 /* Release */,
			);
			defaultConfigurationIsVisible = 0;
			defaultConfigurationName = Release;
		};
/* End XCConfigurationList section */
	};
	rootObject = 075E21052968829200899FC1 /* Project object */;
}
