{
  "originHash" : "44467a5055f46bf33b333cc2aef491613d1b675672f8ce4bdb8bc7ff4ea48964",
  "pins" : [
    {
      "identity" : "viewcontrollerpresentationspy",
      "kind" : "remoteSourceControl",
      "location" : "https://github.com/jonreid/ViewControllerPresentationSpy",
      "state" : {
        "branch" : "main",
        "revision" : "c5c4a807b0816789de1ae4e4f6a26bfbc3f0b78b"
      }
    }
  ],
  "version" : 3
}
